// !$*UTF8*$!
{
	archiveVersion = 1;
	classes = {
	};
	objectVersion = 50;
	objects = {

/* Begin PBXBuildFile section */
		7141EFFB207362F100C49794 /* AppDelegate.m in Sources */ = {isa = PBXBuildFile; fileRef = 7141EFFA207362F100C49794 /* AppDelegate.m */; };
		7141EFFE207362F100C49794 /* ViewController.m in Sources */ = {isa = PBXBuildFile; fileRef = 7141EFFD207362F100C49794 /* ViewController.m */; };
		7141F001207362F100C49794 /* Main.storyboard in Resources */ = {isa = PBXBuildFile; fileRef = 7141EFFF207362F100C49794 /* Main.storyboard */; };
		7141F003207362F300C49794 /* Assets.xcassets in Resources */ = {isa = PBXBuildFile; fileRef = 7141F002207362F300C49794 /* Assets.xcassets */; };
		7141F006207362F300C49794 /* LaunchScreen.storyboard in Resources */ = {isa = PBXBuildFile; fileRef = 7141F004207362F300C49794 /* LaunchScreen.storyboard */; };
		7141F009207362F300C49794 /* main.m in Sources */ = {isa = PBXBuildFile; fileRef = 7141F008207362F300C49794 /* main.m */; };
		7141F0122073642000C49794 /* USGPresentationController.m in Sources */ = {isa = PBXBuildFile; fileRef = 7141F0112073641F00C49794 /* USGPresentationController.m */; };
/* End PBXBuildFile section */

/* Begin PBXFileReference section */
		7141EFF6207362F100C49794 /* FKCustomPresentationController.app */ = {isa = PBXFileReference; explicitFileType = wrapper.application; includeInIndex = 0; path = FKCustomPresentationController.app; sourceTree = BUILT_PRODUCTS_DIR; };
		7141EFF9207362F100C49794 /* AppDelegate.h */ = {isa = PBXFileReference; lastKnownFileType = sourcecode.c.h; path = AppDelegate.h; sourceTree = "<group>"; };
		7141EFFA207362F100C49794 /* AppDelegate.m */ = {isa = PBXFileReference; lastKnownFileType = sourcecode.c.objc; path = AppDelegate.m; sourceTree = "<group>"; };
		7141EFFC207362F100C49794 /* ViewController.h */ = {isa = PBXFileReference; lastKnownFileType = sourcecode.c.h; path = ViewController.h; sourceTree = "<group>"; };
		7141EFFD207362F100C49794 /* ViewController.m */ = {isa = PBXFileReference; lastKnownFileType = sourcecode.c.objc; path = ViewController.m; sourceTree = "<group>"; };
		7141F000207362F100C49794 /* Base */ = {isa = PBXFileReference; lastKnownFileType = file.storyboard; name = Base; path = Base.lproj/Main.storyboard; sourceTree = "<group>"; };
		7141F002207362F300C49794 /* Assets.xcassets */ = {isa = PBXFileReference; lastKnownFileType = folder.assetcatalog; path = Assets.xcassets; sourceTree = "<group>"; };
		7141F005207362F300C49794 /* Base */ = {isa = PBXFileReference; lastKnownFileType = file.storyboard; name = Base; path = Base.lproj/LaunchScreen.storyboard; sourceTree = "<group>"; };
		7141F007207362F300C49794 /* Info.plist */ = {isa = PBXFileReference; lastKnownFileType = text.plist.xml; path = Info.plist; sourceTree = "<group>"; };
		7141F008207362F300C49794 /* main.m */ = {isa = PBXFileReference; lastKnownFileType = sourcecode.c.objc; path = main.m; sourceTree = "<group>"; };
		7141F0102073641F00C49794 /* USGPresentationController.h */ = {isa = PBXFileReference; fileEncoding = 4; lastKnownFileType = sourcecode.c.h; path = USGPresentationController.h; sourceTree = "<group>"; };
		7141F0112073641F00C49794 /* USGPresentationController.m */ = {isa = PBXFileReference; fileEncoding = 4; lastKnownFileType = sourcecode.c.objc; path = USGPresentationController.m; sourceTree = "<group>"; };
/* End PBXFileReference section */

/* Begin PBXFrameworksBuildPhase section */
		7141EFF3207362F100C49794 /* Frameworks */ = {
			isa = PBXFrameworksBuildPhase;
			buildActionMask = 2147483647;
			files = (
			);
			runOnlyForDeploymentPostprocessing = 0;
		};
/* End PBXFrameworksBuildPhase section */

/* Begin PBXGroup section */
		7141EFED207362F100C49794 = {
			isa = PBXGroup;
			children = (
				7141EFF8207362F100C49794 /* FKCustomPresentationController */,
				7141EFF7207362F100C49794 /* Products */,
			);
			sourceTree = "<group>";
		};
		7141EFF7207362F100C49794 /* Products */ = {
			isa = PBXGroup;
			children = (
				7141EFF6207362F100C49794 /* FKCustomPresentationController.app */,
			);
			name = Products;
			sourceTree = "<group>";
		};
		7141EFF8207362F100C49794 /* FKCustomPresentationController */ = {
			isa = PBXGroup;
			children = (
				7141F00F2073641F00C49794 /* FKPresentationController */,
				7141EFF9207362F100C49794 /* AppDelegate.h */,
				7141EFFA207362F100C49794 /* AppDelegate.m */,
				7141EFFC207362F100C49794 /* ViewController.h */,
				7141EFFD207362F100C49794 /* ViewController.m */,
				7141EFFF207362F100C49794 /* Main.storyboard */,
				7141F002207362F300C49794 /* Assets.xcassets */,
				7141F004207362F300C49794 /* LaunchScreen.storyboard */,
				7141F007207362F300C49794 /* Info.plist */,
				7141F008207362F300C49794 /* main.m */,
			);
			path = FKCustomPresentationController;
			sourceTree = "<group>";
		};
		7141F00F2073641F00C49794 /* FKPresentationController */ = {
			isa = PBXGroup;
			children = (
				7141F0102073641F00C49794 /* USGPresentationController.h */,
				7141F0112073641F00C49794 /* USGPresentationController.m */,
			);
			path = FKPresentationController;
			sourceTree = "<group>";
		};
/* End PBXGroup section */

/* Begin PBXNativeTarget section */
		7141EFF5207362F100C49794 /* FKCustomPresentationController */ = {
			isa = PBXNativeTarget;
			buildConfigurationList = 7141F00C207362F300C49794 /* Build configuration list for PBXNativeTarget "FKCustomPresentationController" */;
			buildPhases = (
				7141EFF2207362F100C49794 /* Sources */,
				7141EFF3207362F100C49794 /* Frameworks */,
				7141EFF4207362F100C49794 /* Resources */,
			);
			buildRules = (
			);
			dependencies = (
			);
			name = FKCustomPresentationController;
			productName = FKCustomPresentationController;
			productReference = 7141EFF6207362F100C49794 /* FKCustomPresentationController.app */;
			productType = "com.apple.product-type.application";
		};
/* End PBXNativeTarget section */

/* Begin PBXProject section */
		7141EFEE207362F100C49794 /* Project object */ = {
			isa = PBXProject;
			attributes = {
				LastUpgradeCheck = 0930;
				ORGANIZATIONNAME = forkid;
				TargetAttributes = {
					7141EFF5207362F100C49794 = {
						CreatedOnToolsVersion = 9.3;
					};
				};
			};
			buildConfigurationList = 7141EFF1207362F100C49794 /* Build configuration list for PBXProject "FKCustomPresentationController" */;
			compatibilityVersion = "Xcode 9.3";
			developmentRegion = en;
			hasScannedForEncodings = 0;
			knownRegions = (
				en,
				Base,
			);
			mainGroup = 7141EFED207362F100C49794;
			productRefGroup = 7141EFF7207362F100C49794 /* Products */;
			projectDirPath = "";
			projectRoot = "";
			targets = (
				7141EFF5207362F100C49794 /* FKCustomPresentationController */,
			);
		};
/* End PBXProject section */

/* Begin PBXResourcesBuildPhase section */
		7141EFF4207362F100C49794 /* Resources */ = {
			isa = PBXResourcesBuildPhase;
			buildActionMask = 2147483647;
			files = (
				7141F006207362F300C49794 /* LaunchScreen.storyboard in Resources */,
				7141F003207362F300C49794 /* Assets.xcassets in Resources */,
				7141F001207362F100C49794 /* Main.storyboard in Resources */,
			);
			runOnlyForDeploymentPostprocessing = 0;
		};
/* End PBXResourcesBuildPhase section */

/* Begin PBXSourcesBuildPhase section */
		7141EFF2207362F100C49794 /* Sources */ = {
			isa = PBXSourcesBuildPhase;
			buildActionMask = 2147483647;
			files = (
				7141EFFE207362F100C49794 /* ViewController.m in Sources */,
				7141F0122073642000C49794 /* USGPresentationController.m in Sources */,
				7141F009207362F300C49794 /* main.m in Sources */,
				7141EFFB207362F100C49794 /* AppDelegate.m in Sources */,
			);
			runOnlyForDeploymentPostprocessing = 0;
		};
/* End PBXSourcesBuildPhase section */

/* Begin PBXVariantGroup section */
		7141EFFF207362F100C49794 /* Main.storyboard */ = {
			isa = PBXVariantGroup;
			children = (
				7141F000207362F100C49794 /* Base */,
			);
			name = Main.storyboard;
			sourceTree = "<group>";
		};
		7141F004207362F300C49794 /* LaunchScreen.storyboard */ = {
			isa = PBXVariantGroup;
			children = (
				7141F005207362F300C49794 /* Base */,
			);
			name = LaunchScreen.storyboard;
			sourceTree = "<group>";
		};
/* End PBXVariantGroup section */

/* Begin XCBuildConfiguration section */
		7141F00A207362F300C49794 /* Debug */ = {
			isa = XCBuildConfiguration;
			buildSettings = {
				ALWAYS_SEARCH_USER_PATHS = NO;
				CLANG_ANALYZER_NONNULL = YES;
				CLANG_ANALYZER_NUMBER_OBJECT_CONVERSION = YES_AGGRESSIVE;
				CLANG_CXX_LANGUAGE_STANDARD = "gnu++14";
				CLANG_CXX_LIBRARY = "libc++";
				CLANG_ENABLE_MODULES = YES;
				CLANG_ENABLE_OBJC_ARC = YES;
				CLANG_ENABLE_OBJC_WEAK = YES;
				CLANG_WARN_BLOCK_CAPTURE_AUTORELEASING = YES;
				CLANG_WARN_BOOL_CONVERSION = YES;
				CLANG_WARN_COMMA = YES;
				CLANG_WARN_CONSTANT_CONVERSION = YES;
				CLANG_WARN_DEPRECATED_OBJC_IMPLEMENTATIONS = YES;
				CLANG_WARN_DIRECT_OBJC_ISA_USAGE = YES_ERROR;
				CLANG_WARN_DOCUMENTATION_COMMENTS = YES;
				CLANG_WARN_EMPTY_BODY = YES;
				CLANG_WARN_ENUM_CONVERSION = YES;
				CLANG_WARN_INFINITE_RECURSION = YES;
				CLANG_WARN_INT_CONVERSION = YES;
				CLANG_WARN_NON_LITERAL_NULL_CONVERSION = YES;
				CLANG_WARN_OBJC_IMPLICIT_RETAIN_SELF = YES;
				CLANG_WARN_OBJC_LITERAL_CONVERSION = YES;
				CLANG_WARN_OBJC_ROOT_CLASS = YES_ERROR;
				CLANG_WARN_RANGE_LOOP_ANALYSIS = YES;
				CLANG_WARN_STRICT_PROTOTYPES = YES;
				CLANG_WARN_SUSPICIOUS_MOVE = YES;
				CLANG_WARN_UNGUARDED_AVAILABILITY = YES_AGGRESSIVE;
				CLANG_WARN_UNREACHABLE_CODE = YES;
				CLANG_WARN__DUPLICATE_METHOD_MATCH = YES;
				CODE_SIGN_IDENTITY = "iPhone Developer";
				COPY_PHASE_STRIP = NO;
				DEBUG_INFORMATION_FORMAT = dwarf;
				ENABLE_STRICT_OBJC_MSGSEND = YES;
				ENABLE_TESTABILITY = YES;
				GCC_C_LANGUAGE_STANDARD = gnu11;
				GCC_DYNAMIC_NO_PIC = NO;
				GCC_NO_COMMON_BLOCKS = YES;
				GCC_OPTIMIZATION_LEVEL = 0;
				GCC_PREPROCESSOR_DEFINITIONS = (
					"DEBUG=1",
					"$(inherited)",
				);
				GCC_WARN_64_TO_32_BIT_CONVERSION = YES;
				GCC_WARN_ABOUT_RETURN_TYPE = YES_ERROR;
				GCC_WARN_UNDECLARED_SELECTOR = YES;
				GCC_WARN_UNINITIALIZED_AUTOS = YES_AGGRESSIVE;
				GCC_WARN_UNUSED_FUNCTION = YES;
				GCC_WARN_UNUSED_VARIABLE = YES;
				IPHONEOS_DEPLOYMENT_TARGET = 11.3;
				MTL_ENABLE_DEBUG_INFO = YES;
				ONLY_ACTIVE_ARCH = YES;
				SDKROOT = iphoneos;
			};
			name = Debug;
		};
		7141F00B207362F300C49794 /* Release */ = {
			isa = XCBuildConfiguration;
			buildSettings = {
				ALWAYS_SEARCH_USER_PATHS = NO;
				CLANG_ANALYZER_NONNULL = YES;
				CLANG_ANALYZER_NUMBER_OBJECT_CONVERSION = YES_AGGRESSIVE;
				CLANG_CXX_LANGUAGE_STANDARD = "gnu++14";
				CLANG_CXX_LIBRARY = "libc++";
				CLANG_ENABLE_MODULES = YES;
				CLANG_ENABLE_OBJC_ARC = YES;
				CLANG_ENABLE_OBJC_WEAK = YES;
				CLANG_WARN_BLOCK_CAPTURE_AUTORELEASING = YES;
				CLANG_WARN_BOOL_CONVERSION = YES;
				CLANG_WARN_COMMA = YES;
				CLANG_WARN_CONSTANT_CONVERSION = YES;
				CLANG_WARN_DEPRECATED_OBJC_IMPLEMENTATIONS = YES;
				CLANG_WARN_DIRECT_OBJC_ISA_USAGE = YES_ERROR;
				CLANG_WARN_DOCUMENTATION_COMMENTS = YES;
				CLANG_WARN_EMPTY_BODY = YES;
				CLANG_WARN_ENUM_CONVERSION = YES;
				CLANG_WARN_INFINITE_RECURSION = YES;
				CLANG_WARN_INT_CONVERSION = YES;
				CLANG_WARN_NON_LITERAL_NULL_CONVERSION = YES;
				CLANG_WARN_OBJC_IMPLICIT_RETAIN_SELF = YES;
				CLANG_WARN_OBJC_LITERAL_CONVERSION = YES;
				CLANG_WARN_OBJC_ROOT_CLASS = YES_ERROR;
				CLANG_WARN_RANGE_LOOP_ANALYSIS = YES;
				CLANG_WARN_STRICT_PROTOTYPES = YES;
				CLANG_WARN_SUSPICIOUS_MOVE = YES;
				CLANG_WARN_UNGUARDED_AVAILABILITY = YES_AGGRESSIVE;
				CLANG_WARN_UNREACHABLE_CODE = YES;
				CLANG_WARN__DUPLICATE_METHOD_MATCH = YES;
				CODE_SIGN_IDENTITY = "iPhone Developer";
				COPY_PHASE_STRIP = NO;
				DEBUG_INFORMATION_FORMAT = "dwarf-with-dsym";
				ENABLE_NS_ASSERTIONS = NO;
				ENABLE_STRICT_OBJC_MSGSEND = YES;
				GCC_C_LANGUAGE_STANDARD = gnu11;
				GCC_NO_COMMON_BLOCKS = YES;
				GCC_WARN_64_TO_32_BIT_CONVERSION = YES;
				GCC_WARN_ABOUT_RETURN_TYPE = YES_ERROR;
				GCC_WARN_UNDECLARED_SELECTOR = YES;
				GCC_WARN_UNINITIALIZED_AUTOS = YES_AGGRESSIVE;
				GCC_WARN_UNUSED_FUNCTION = YES;
				GCC_WARN_UNUSED_VARIABLE = YES;
				IPHONEOS_DEPLOYMENT_TARGET = 11.3;
				MTL_ENABLE_DEBUG_INFO = NO;
				SDKROOT = iphoneos;
				VALIDATE_PRODUCT = YES;
			};
			name = Release;
		};
		7141F00D207362F300C49794 /* Debug */ = {
			isa = XCBuildConfiguration;
			buildSettings = {
				ASSETCATALOG_COMPILER_APPICON_NAME = AppIcon;
				CODE_SIGN_STYLE = Automatic;
				INFOPLIST_FILE = FKCustomPresentationController/Info.plist;
				LD_RUNPATH_SEARCH_PATHS = (
					"$(inherited)",
					"@executable_path/Frameworks",
				);
				PRODUCT_BUNDLE_IDENTIFIER = com.forkid.FKCustomPresentationController;
				PRODUCT_NAME = "$(TARGET_NAME)";
				TARGETED_DEVICE_FAMILY = "1,2";
			};
			name = Debug;
		};
		7141F00E207362F300C49794 /* Release */ = {
			isa = XCBuildConfiguration;
			buildSettings = {
				ASSETCATALOG_COMPILER_APPICON_NAME = AppIcon;
				CODE_SIGN_STYLE = Automatic;
				INFOPLIST_FILE = FKCustomPresentationController/Info.plist;
				LD_RUNPATH_SEARCH_PATHS = (
					"$(inherited)",
					"@executable_path/Frameworks",
				);
				PRODUCT_BUNDLE_IDENTIFIER = com.forkid.FKCustomPresentationController;
				PRODUCT_NAME = "$(TARGET_NAME)";
				TARGETED_DEVICE_FAMILY = "1,2";
			};
			name = Release;
		};
/* End XCBuildConfiguration section */

/* Begin XCConfigurationList section */
		7141EFF1207362F100C49794 /* Build configuration list for PBXProject "FKCustomPresentationController" */ = {
			isa = XCConfigurationList;
			buildConfigurations = (
				7141F00A207362F300C49794 /* Debug */,
				7141F00B207362F300C49794 /* Release */,
			);
			defaultConfigurationIsVisible = 0;
			defaultConfigurationName = Release;
		};
		7141F00C207362F300C49794 /* Build configuration list for PBXNativeTarget "FKCustomPresentationController" */ = {
			isa = XCConfigurationList;
			buildConfigurations = (
				7141F00D207362F300C49794 /* Debug */,
				7141F00E207362F300C49794 /* Release */,
			);
			defaultConfigurationIsVisible = 0;
			defaultConfigurationName = Release;
		};
/* End XCConfigurationList section */
	};
	rootObject = 7141EFEE207362F100C49794 /* Project object */;
}
